{
  "name": "05-proyecto",
  "version": "1.0.0",
  "lockfileVersion": 1,
  "requires": true,
  "dependencies": {
    "resta_de_wz": {
      "version": "1.0.0",
      "resolved": "https://registry.npmjs.org/resta_de_wz/-/resta_de_wz-1.0.0.tgz",
      "integrity": "sha512-LdYPOPA82dFPj+nugZhrjwHuWdBWjD8NSEYQG+NmWhfRFJ57Kav91GpESGSLsS1pNZ43EyKXoEjrM6WYgpQLzg=="
    },
    "william-zapata": {
      "version": "1.0.0",
      "resolved": "https://registry.npmjs.org/william-zapata/-/william-zapata-1.0.0.tgz",
      "integrity": "sha512-ZpL/uqyGyflIRuOjbAp5yAdzk53gnAGTa9YrKhBt0BX9GMlWNEq8hGaa9Hj3C/2QhQ0B3huiVjyO2z7UDISwag==",
      "requires": {
        "resta_de_wz": "^1.0.0"
      }
    }
  }
}
