{
  "name": "05-proyecto",
  "version": "1.0.0",
  "lockfileVersion": 1,
  "requires": true,
  "dependencies": {
    "resta_de_wz": {
      "version": "1.1.1",
      "resolved": "https://registry.npmjs.org/resta_de_wz/-/resta_de_wz-1.1.1.tgz",
      "integrity": "sha512-vm4ohp3ACRga2YAlHn0wmP39YnnUFYl8OQEs4Oca1KfnL2OWs/vxVGygmrtX7rF1lP0AcON0RJKxORKQr4V0gQ=="
    },
    "william-zapata": {
      "version": "1.1.2",
      "resolved": "https://registry.npmjs.org/william-zapata/-/william-zapata-1.1.2.tgz",
      "integrity": "sha512-y22D1IweUnOES5VTg+6IAJ+hOvtuGbsnLKLCeNZX2LKsaMjgANMINGTR7OPA6nlnnz5veVJM+f5KfrXFlAmahA=="
    }
  }
}
